
Microsoft Visual Studio Solution File, Format Version 12.00
# Visual Studio Version 17
VisualStudioVersion = 17.5.002.0
MinimumVisualStudioVersion = 10.0.40219.1
Project("{9A19103F-16F7-4668-BE54-9A1E7A4F7556}") = "Final", "Final\Final.csproj", "{FAD6BA91-0216-41C3-966D-73A1B9B938D1}"
EndProject
Project("{9A19103F-16F7-4668-BE54-9A1E7A4F7556}") = "Starter", "Starter\Starter.csproj", "{FA014A32-B5D9-4EA2-83C8-11DFE439B4CB}"
EndProject
Global
	GlobalSection(SolutionConfigurationPlatforms) = preSolution
		Debug|Any CPU = Debug|Any CPU
		Release|Any CPU = Release|Any CPU
	EndGlobalSection
	GlobalSection(ProjectConfigurationPlatforms) = postSolution
		{FAD6BA91-0216-41C3-966D-73A1B9B938D1}.Debug|Any CPU.ActiveCfg = Debug|Any CPU
		{FAD6BA91-0216-41C3-966D-73A1B9B938D1}.Debug|Any CPU.Build.0 = Debug|Any CPU
		{FAD6BA91-0216-41C3-966D-73A1B9B938D1}.Release|Any CPU.ActiveCfg = Release|Any CPU
		{FAD6BA91-0216-41C3-966D-73A1B9B938D1}.Release|Any CPU.Build.0 = Release|Any CPU
		{FA014A32-B5D9-4EA2-83C8-11DFE439B4CB}.Debug|Any CPU.ActiveCfg = Debug|Any CPU
		{FA014A32-B5D9-4EA2-83C8-11DFE439B4CB}.Debug|Any CPU.Build.0 = Debug|Any CPU
		{FA014A32-B5D9-4EA2-83C8-11DFE439B4CB}.Release|Any CPU.ActiveCfg = Release|Any CPU
		{FA014A32-B5D9-4EA2-83C8-11DFE439B4CB}.Release|Any CPU.Build.0 = Release|Any CPU
	EndGlobalSection
	GlobalSection(SolutionProperties) = preSolution
		HideSolutionNode = FALSE
	EndGlobalSection
	GlobalSection(ExtensibilityGlobals) = postSolution
		SolutionGuid = {6D4714E3-14C8-44AC-874B-92A5E07AB55A}
	EndGlobalSection
EndGlobal
